// !$*UTF8*$!
{
	archiveVersion = 1;
	classes = {
	};
	objectVersion = 50;
	objects = {

/* Begin PBXBuildFile section */
		BA2E07C8221688FE000B9042 /* Bullfrog2.mp3 in Resources */ = {isa = PBXBuildFile; fileRef = BA2E07B2221688FD000B9042 /* Bullfrog2.mp3 */; };
		BA2E07C9221688FE000B9042 /* Copes_Gray_Treefrog.mp3 in Resources */ = {isa = PBXBuildFile; fileRef = BA2E07B3221688FD000B9042 /* Copes_Gray_Treefrog.mp3 */; };
		BA2E07CA221688FE000B9042 /* Gopher.Frog.mp3 in Resources */ = {isa = PBXBuildFile; fileRef = BA2E07B4221688FD000B9042 /* Gopher.Frog.mp3 */; };
		BA2E07CB221688FE000B9042 /* river frog.wav in Resources */ = {isa = PBXBuildFile; fileRef = BA2E07B5221688FD000B9042 /* river frog.wav */; };
		BA2E07CC221688FE000B9042 /* Southern.Toad.mp3 in Resources */ = {isa = PBXBuildFile; fileRef = BA2E07B6221688FD000B9042 /* Southern.Toad.mp3 */; };
		BA2E07CE221688FE000B9042 /* Barking.Treefrog.mp3 in Resources */ = {isa = PBXBuildFile; fileRef = BA2E07B8221688FD000B9042 /* Barking.Treefrog.mp3 */; };
		BA2E07CF221688FE000B9042 /* Eastern.Narrowmouth.Toad.mp3 in Resources */ = {isa = PBXBuildFile; fileRef = BA2E07B9221688FD000B9042 /* Eastern.Narrowmouth.Toad.mp3 */; };
		BA2E07D0221688FE000B9042 /* Pig.Frog.mp3 in Resources */ = {isa = PBXBuildFile; fileRef = BA2E07BA221688FE000B9042 /* Pig.Frog.mp3 */; };
		BA2E07D1221688FE000B9042 /* Southern.Chorus.Frog.mp3 in Resources */ = {isa = PBXBuildFile; fileRef = BA2E07BB221688FE000B9042 /* Southern.Chorus.Frog.mp3 */; };
		BA2E07D2221688FE000B9042 /* Eastern.Spadefoot.Toad.mp3 in Resources */ = {isa = PBXBuildFile; fileRef = BA2E07BC221688FE000B9042 /* Eastern.Spadefoot.Toad.mp3 */; };
		BA2E07D3221688FE000B9042 /* Oak.Toad.mp3 in Resources */ = {isa = PBXBuildFile; fileRef = BA2E07BD221688FE000B9042 /* Oak.Toad.mp3 */; };
		BA2E07D4221688FE000B9042 /* Pine.Woods.Treefrog.mp3 in Resources */ = {isa = PBXBuildFile; fileRef = BA2E07BE221688FE000B9042 /* Pine.Woods.Treefrog.mp3 */; };
		BA2E07D5221688FE000B9042 /* Green.Treefrog.mp3 in Resources */ = {isa = PBXBuildFile; fileRef = BA2E07BF221688FE000B9042 /* Green.Treefrog.mp3 */; };
		BA2E07D6221688FE000B9042 /* Squirrel.Treefrog.mp3 in Resources */ = {isa = PBXBuildFile; fileRef = BA2E07C0221688FE000B9042 /* Squirrel.Treefrog.mp3 */; };
		BA2E07D7221688FE000B9042 /* Greenhouse.Frog.mp3 in Resources */ = {isa = PBXBuildFile; fileRef = BA2E07C1221688FE000B9042 /* Greenhouse.Frog.mp3 */; };
		BA2E07D8221688FE000B9042 /* Little.Grass.Frog.mp3 in Resources */ = {isa = PBXBuildFile; fileRef = BA2E07C2221688FE000B9042 /* Little.Grass.Frog.mp3 */; };
		BA2E07D9221688FE000B9042 /* Green.Frog.mp3 in Resources */ = {isa = PBXBuildFile; fileRef = BA2E07C3221688FE000B9042 /* Green.Frog.mp3 */; };
		BA2E07DA221688FE000B9042 /* Cuban.Treefrog.mp3 in Resources */ = {isa = PBXBuildFile; fileRef = BA2E07C4221688FE000B9042 /* Cuban.Treefrog.mp3 */; };
		BA2E07DC221688FE000B9042 /* Ornate.Chorus.Frog.mp3 in Resources */ = {isa = PBXBuildFile; fileRef = BA2E07C6221688FE000B9042 /* Ornate.Chorus.Frog.mp3 */; };
		BA2E07DD221688FE000B9042 /* Spring_Peeper.mp3 in Resources */ = {isa = PBXBuildFile; fileRef = BA2E07C7221688FE000B9042 /* Spring_Peeper.mp3 */; };
		BA2E07DF22168B7B000B9042 /* Player.swift in Sources */ = {isa = PBXBuildFile; fileRef = BA2E07DE22168B7B000B9042 /* Player.swift */; };
		BA2E07E222168D79000B9042 /* Southern.Leopard.Frog.mp3 in Resources */ = {isa = PBXBuildFile; fileRef = BA2E07E022168D79000B9042 /* Southern.Leopard.Frog.mp3 */; };
		BA2E07E322168D79000B9042 /* Southern.Cricket.Frog.mp3 in Resources */ = {isa = PBXBuildFile; fileRef = BA2E07E122168D79000B9042 /* Southern.Cricket.Frog.mp3 */; };
		BA691983220E964900AB3067 /* AppDelegate.swift in Sources */ = {isa = PBXBuildFile; fileRef = BA691982220E964900AB3067 /* AppDelegate.swift */; };
		BA691985220E964900AB3067 /* ViewController.swift in Sources */ = {isa = PBXBuildFile; fileRef = BA691984220E964900AB3067 /* ViewController.swift */; };
		BA691988220E964900AB3067 /* Main.storyboard in Resources */ = {isa = PBXBuildFile; fileRef = BA691986220E964900AB3067 /* Main.storyboard */; };
		BA69198A220E964D00AB3067 /* Assets.xcassets in Resources */ = {isa = PBXBuildFile; fileRef = BA691989220E964D00AB3067 /* Assets.xcassets */; };
		BA69198D220E964D00AB3067 /* LaunchScreen.storyboard in Resources */ = {isa = PBXBuildFile; fileRef = BA69198B220E964D00AB3067 /* LaunchScreen.storyboard */; };
		BA691995220E986900AB3067 /* Frogs.plist in Resources */ = {isa = PBXBuildFile; fileRef = BA691994220E986900AB3067 /* Frogs.plist */; };
		BA691997220E987200AB3067 /* Frogs.swift in Sources */ = {isa = PBXBuildFile; fileRef = BA691996220E987200AB3067 /* Frogs.swift */; };
/* End PBXBuildFile section */

/* Begin PBXFileReference section */
		BA2E07B2221688FD000B9042 /* Bullfrog2.mp3 */ = {isa = PBXFileReference; lastKnownFileType = audio.mp3; path = Bullfrog2.mp3; sourceTree = "<group>"; };
		BA2E07B3221688FD000B9042 /* Copes_Gray_Treefrog.mp3 */ = {isa = PBXFileReference; lastKnownFileType = audio.mp3; path = Copes_Gray_Treefrog.mp3; sourceTree = "<group>"; };
		BA2E07B4221688FD000B9042 /* Gopher.Frog.mp3 */ = {isa = PBXFileReference; lastKnownFileType = audio.mp3; path = Gopher.Frog.mp3; sourceTree = "<group>"; };
		BA2E07B5221688FD000B9042 /* river frog.wav */ = {isa = PBXFileReference; lastKnownFileType = audio.wav; path = "river frog.wav"; sourceTree = "<group>"; };
		BA2E07B6221688FD000B9042 /* Southern.Toad.mp3 */ = {isa = PBXFileReference; lastKnownFileType = audio.mp3; path = Southern.Toad.mp3; sourceTree = "<group>"; };
		BA2E07B8221688FD000B9042 /* Barking.Treefrog.mp3 */ = {isa = PBXFileReference; lastKnownFileType = audio.mp3; path = Barking.Treefrog.mp3; sourceTree = "<group>"; };
		BA2E07B9221688FD000B9042 /* Eastern.Narrowmouth.Toad.mp3 */ = {isa = PBXFileReference; lastKnownFileType = audio.mp3; path = Eastern.Narrowmouth.Toad.mp3; sourceTree = "<group>"; };
		BA2E07BA221688FE000B9042 /* Pig.Frog.mp3 */ = {isa = PBXFileReference; lastKnownFileType = audio.mp3; path = Pig.Frog.mp3; sourceTree = "<group>"; };
		BA2E07BB221688FE000B9042 /* Southern.Chorus.Frog.mp3 */ = {isa = PBXFileReference; lastKnownFileType = audio.mp3; path = Southern.Chorus.Frog.mp3; sourceTree = "<group>"; };
		BA2E07BC221688FE000B9042 /* Eastern.Spadefoot.Toad.mp3 */ = {isa = PBXFileReference; lastKnownFileType = audio.mp3; path = Eastern.Spadefoot.Toad.mp3; sourceTree = "<group>"; };
		BA2E07BD221688FE000B9042 /* Oak.Toad.mp3 */ = {isa = PBXFileReference; lastKnownFileType = audio.mp3; path = Oak.Toad.mp3; sourceTree = "<group>"; };
		BA2E07BE221688FE000B9042 /* Pine.Woods.Treefrog.mp3 */ = {isa = PBXFileReference; lastKnownFileType = audio.mp3; path = Pine.Woods.Treefrog.mp3; sourceTree = "<group>"; };
		BA2E07BF221688FE000B9042 /* Green.Treefrog.mp3 */ = {isa = PBXFileReference; lastKnownFileType = audio.mp3; path = Green.Treefrog.mp3; sourceTree = "<group>"; };
		BA2E07C0221688FE000B9042 /* Squirrel.Treefrog.mp3 */ = {isa = PBXFileReference; lastKnownFileType = audio.mp3; path = Squirrel.Treefrog.mp3; sourceTree = "<group>"; };
		BA2E07C1221688FE000B9042 /* Greenhouse.Frog.mp3 */ = {isa = PBXFileReference; lastKnownFileType = audio.mp3; path = Greenhouse.Frog.mp3; sourceTree = "<group>"; };
		BA2E07C2221688FE000B9042 /* Little.Grass.Frog.mp3 */ = {isa = PBXFileReference; lastKnownFileType = audio.mp3; path = Little.Grass.Frog.mp3; sourceTree = "<group>"; };
		BA2E07C3221688FE000B9042 /* Green.Frog.mp3 */ = {isa = PBXFileReference; lastKnownFileType = audio.mp3; path = Green.Frog.mp3; sourceTree = "<group>"; };
		BA2E07C4221688FE000B9042 /* Cuban.Treefrog.mp3 */ = {isa = PBXFileReference; lastKnownFileType = audio.mp3; path = Cuban.Treefrog.mp3; sourceTree = "<group>"; };
		BA2E07C6221688FE000B9042 /* Ornate.Chorus.Frog.mp3 */ = {isa = PBXFileReference; lastKnownFileType = audio.mp3; path = Ornate.Chorus.Frog.mp3; sourceTree = "<group>"; };
		BA2E07C7221688FE000B9042 /* Spring_Peeper.mp3 */ = {isa = PBXFileReference; lastKnownFileType = audio.mp3; path = Spring_Peeper.mp3; sourceTree = "<group>"; };
		BA2E07DE22168B7B000B9042 /* Player.swift */ = {isa = PBXFileReference; lastKnownFileType = sourcecode.swift; path = Player.swift; sourceTree = "<group>"; };
		BA2E07E022168D79000B9042 /* Southern.Leopard.Frog.mp3 */ = {isa = PBXFileReference; lastKnownFileType = audio.mp3; path = Southern.Leopard.Frog.mp3; sourceTree = "<group>"; };
		BA2E07E122168D79000B9042 /* Southern.Cricket.Frog.mp3 */ = {isa = PBXFileReference; lastKnownFileType = audio.mp3; path = Southern.Cricket.Frog.mp3; sourceTree = "<group>"; };
		BA69197F220E964900AB3067 /* Frog Songs.app */ = {isa = PBXFileReference; explicitFileType = wrapper.application; includeInIndex = 0; path = "Frog Songs.app"; sourceTree = BUILT_PRODUCTS_DIR; };
		BA691982220E964900AB3067 /* AppDelegate.swift */ = {isa = PBXFileReference; lastKnownFileType = sourcecode.swift; path = AppDelegate.swift; sourceTree = "<group>"; };
		BA691984220E964900AB3067 /* ViewController.swift */ = {isa = PBXFileReference; lastKnownFileType = sourcecode.swift; path = ViewController.swift; sourceTree = "<group>"; };
		BA691987220E964900AB3067 /* Base */ = {isa = PBXFileReference; lastKnownFileType = file.storyboard; name = Base; path = Base.lproj/Main.storyboard; sourceTree = "<group>"; };
		BA691989220E964D00AB3067 /* Assets.xcassets */ = {isa = PBXFileReference; lastKnownFileType = folder.assetcatalog; path = Assets.xcassets; sourceTree = "<group>"; };
		BA69198C220E964D00AB3067 /* Base */ = {isa = PBXFileReference; lastKnownFileType = file.storyboard; name = Base; path = Base.lproj/LaunchScreen.storyboard; sourceTree = "<group>"; };
		BA69198E220E964D00AB3067 /* Info.plist */ = {isa = PBXFileReference; lastKnownFileType = text.plist.xml; path = Info.plist; sourceTree = "<group>"; };
		BA691994220E986900AB3067 /* Frogs.plist */ = {isa = PBXFileReference; fileEncoding = 4; lastKnownFileType = text.plist.xml; path = Frogs.plist; sourceTree = "<group>"; };
		BA691996220E987200AB3067 /* Frogs.swift */ = {isa = PBXFileReference; lastKnownFileType = sourcecode.swift; path = Frogs.swift; sourceTree = "<group>"; };
/* End PBXFileReference section */

/* Begin PBXFrameworksBuildPhase section */
		BA69197C220E964900AB3067 /* Frameworks */ = {
			isa = PBXFrameworksBuildPhase;
			buildActionMask = 2147483647;
			files = (
			);
			runOnlyForDeploymentPostprocessing = 0;
		};
/* End PBXFrameworksBuildPhase section */

/* Begin PBXGroup section */
		BA2E07B1221688C2000B9042 /* Songs */ = {
			isa = PBXGroup;
			children = (
				BA2E07E122168D79000B9042 /* Southern.Cricket.Frog.mp3 */,
				BA2E07E022168D79000B9042 /* Southern.Leopard.Frog.mp3 */,
				BA2E07B8221688FD000B9042 /* Barking.Treefrog.mp3 */,
				BA2E07B2221688FD000B9042 /* Bullfrog2.mp3 */,
				BA2E07B3221688FD000B9042 /* Copes_Gray_Treefrog.mp3 */,
				BA2E07C4221688FE000B9042 /* Cuban.Treefrog.mp3 */,
				BA2E07B9221688FD000B9042 /* Eastern.Narrowmouth.Toad.mp3 */,
				BA2E07BC221688FE000B9042 /* Eastern.Spadefoot.Toad.mp3 */,
				BA2E07B4221688FD000B9042 /* Gopher.Frog.mp3 */,
				BA2E07C3221688FE000B9042 /* Green.Frog.mp3 */,
				BA2E07BF221688FE000B9042 /* Green.Treefrog.mp3 */,
				BA2E07C1221688FE000B9042 /* Greenhouse.Frog.mp3 */,
				BA2E07C2221688FE000B9042 /* Little.Grass.Frog.mp3 */,
				BA2E07BD221688FE000B9042 /* Oak.Toad.mp3 */,
				BA2E07C6221688FE000B9042 /* Ornate.Chorus.Frog.mp3 */,
				BA2E07BA221688FE000B9042 /* Pig.Frog.mp3 */,
				BA2E07BE221688FE000B9042 /* Pine.Woods.Treefrog.mp3 */,
				BA2E07B5221688FD000B9042 /* river frog.wav */,
				BA2E07BB221688FE000B9042 /* Southern.Chorus.Frog.mp3 */,
				BA2E07B6221688FD000B9042 /* Southern.Toad.mp3 */,
				BA2E07C7221688FE000B9042 /* Spring_Peeper.mp3 */,
				BA2E07C0221688FE000B9042 /* Squirrel.Treefrog.mp3 */,
			);
			path = Songs;
			sourceTree = "<group>";
		};
		BA691976220E964900AB3067 = {
			isa = PBXGroup;
			children = (
				BA691981220E964900AB3067 /* Frog Songs */,
				BA691980220E964900AB3067 /* Products */,
			);
			sourceTree = "<group>";
		};
		BA691980220E964900AB3067 /* Products */ = {
			isa = PBXGroup;
			children = (
				BA69197F220E964900AB3067 /* Frog Songs.app */,
			);
			name = Products;
			sourceTree = "<group>";
		};
		BA691981220E964900AB3067 /* Frog Songs */ = {
			isa = PBXGroup;
			children = (
				BA2E07B1221688C2000B9042 /* Songs */,
				BA691994220E986900AB3067 /* Frogs.plist */,
				BA691982220E964900AB3067 /* AppDelegate.swift */,
				BA691984220E964900AB3067 /* ViewController.swift */,
				BA691986220E964900AB3067 /* Main.storyboard */,
				BA691989220E964D00AB3067 /* Assets.xcassets */,
				BA69198B220E964D00AB3067 /* LaunchScreen.storyboard */,
				BA69198E220E964D00AB3067 /* Info.plist */,
				BA691996220E987200AB3067 /* Frogs.swift */,
				BA2E07DE22168B7B000B9042 /* Player.swift */,
			);
			path = "Frog Songs";
			sourceTree = "<group>";
		};
/* End PBXGroup section */

/* Begin PBXNativeTarget section */
		BA69197E220E964900AB3067 /* Frog Songs */ = {
			isa = PBXNativeTarget;
			buildConfigurationList = BA691991220E964D00AB3067 /* Build configuration list for PBXNativeTarget "Frog Songs" */;
			buildPhases = (
				BA69197B220E964900AB3067 /* Sources */,
				BA69197C220E964900AB3067 /* Frameworks */,
				BA69197D220E964900AB3067 /* Resources */,
			);
			buildRules = (
			);
			dependencies = (
			);
			name = "Frog Songs";
			productName = "Frog Songs";
			productReference = BA69197F220E964900AB3067 /* Frog Songs.app */;
			productType = "com.apple.product-type.application";
		};
/* End PBXNativeTarget section */

/* Begin PBXProject section */
		BA691977220E964900AB3067 /* Project object */ = {
			isa = PBXProject;
			attributes = {
				LastSwiftUpdateCheck = 1010;
				LastUpgradeCheck = 1010;
				ORGANIZATIONNAME = nielubowicz;
				TargetAttributes = {
					BA69197E220E964900AB3067 = {
						CreatedOnToolsVersion = 10.1;
					};
				};
			};
			buildConfigurationList = BA69197A220E964900AB3067 /* Build configuration list for PBXProject "Frog Songs" */;
			compatibilityVersion = "Xcode 9.3";
			developmentRegion = en;
			hasScannedForEncodings = 0;
			knownRegions = (
				en,
				Base,
			);
			mainGroup = BA691976220E964900AB3067;
			productRefGroup = BA691980220E964900AB3067 /* Products */;
			projectDirPath = "";
			projectRoot = "";
			targets = (
				BA69197E220E964900AB3067 /* Frog Songs */,
			);
		};
/* End PBXProject section */

/* Begin PBXResourcesBuildPhase section */
		BA69197D220E964900AB3067 /* Resources */ = {
			isa = PBXResourcesBuildPhase;
			buildActionMask = 2147483647;
			files = (
				BA2E07E322168D79000B9042 /* Southern.Cricket.Frog.mp3 in Resources */,
				BA2E07D8221688FE000B9042 /* Little.Grass.Frog.mp3 in Resources */,
				BA2E07E222168D79000B9042 /* Southern.Leopard.Frog.mp3 in Resources */,
				BA2E07D9221688FE000B9042 /* Green.Frog.mp3 in Resources */,
				BA2E07CB221688FE000B9042 /* river frog.wav in Resources */,
				BA69198D220E964D00AB3067 /* LaunchScreen.storyboard in Resources */,
				BA2E07D1221688FE000B9042 /* Southern.Chorus.Frog.mp3 in Resources */,
				BA2E07DD221688FE000B9042 /* Spring_Peeper.mp3 in Resources */,
				BA2E07D6221688FE000B9042 /* Squirrel.Treefrog.mp3 in Resources */,
				BA2E07DA221688FE000B9042 /* Cuban.Treefrog.mp3 in Resources */,
				BA69198A220E964D00AB3067 /* Assets.xcassets in Resources */,
				BA2E07D4221688FE000B9042 /* Pine.Woods.Treefrog.mp3 in Resources */,
				BA2E07CE221688FE000B9042 /* Barking.Treefrog.mp3 in Resources */,
				BA2E07DC221688FE000B9042 /* Ornate.Chorus.Frog.mp3 in Resources */,
				BA2E07D2221688FE000B9042 /* Eastern.Spadefoot.Toad.mp3 in Resources */,
				BA691995220E986900AB3067 /* Frogs.plist in Resources */,
				BA2E07CC221688FE000B9042 /* Southern.Toad.mp3 in Resources */,
				BA2E07D5221688FE000B9042 /* Green.Treefrog.mp3 in Resources */,
				BA2E07CF221688FE000B9042 /* Eastern.Narrowmouth.Toad.mp3 in Resources */,
				BA2E07CA221688FE000B9042 /* Gopher.Frog.mp3 in Resources */,
				BA2E07D3221688FE000B9042 /* Oak.Toad.mp3 in Resources */,
				BA691988220E964900AB3067 /* Main.storyboard in Resources */,
				BA2E07C9221688FE000B9042 /* Copes_Gray_Treefrog.mp3 in Resources */,
				BA2E07C8221688FE000B9042 /* Bullfrog2.mp3 in Resources */,
				BA2E07D7221688FE000B9042 /* Greenhouse.Frog.mp3 in Resources */,
				BA2E07D0221688FE000B9042 /* Pig.Frog.mp3 in Resources */,
			);
			runOnlyForDeploymentPostprocessing = 0;
		};
/* End PBXResourcesBuildPhase section */

/* Begin PBXSourcesBuildPhase section */
		BA69197B220E964900AB3067 /* Sources */ = {
			isa = PBXSourcesBuildPhase;
			buildActionMask = 2147483647;
			files = (
				BA2E07DF22168B7B000B9042 /* Player.swift in Sources */,
				BA691985220E964900AB3067 /* ViewController.swift in Sources */,
				BA691997220E987200AB3067 /* Frogs.swift in Sources */,
				BA691983220E964900AB3067 /* AppDelegate.swift in Sources */,
			);
			runOnlyForDeploymentPostprocessing = 0;
		};
/* End PBXSourcesBuildPhase section */

/* Begin PBXVariantGroup section */
		BA691986220E964900AB3067 /* Main.storyboard */ = {
			isa = PBXVariantGroup;
			children = (
				BA691987220E964900AB3067 /* Base */,
			);
			name = Main.storyboard;
			sourceTree = "<group>";
		};
		BA69198B220E964D00AB3067 /* LaunchScreen.storyboard */ = {
			isa = PBXVariantGroup;
			children = (
				BA69198C220E964D00AB3067 /* Base */,
			);
			name = LaunchScreen.storyboard;
			sourceTree = "<group>";
		};
/* End PBXVariantGroup section */

/* Begin XCBuildConfiguration section */
		BA69198F220E964D00AB3067 /* Debug */ = {
			isa = XCBuildConfiguration;
			buildSettings = {
				ALWAYS_SEARCH_USER_PATHS = NO;
				CLANG_ANALYZER_NONNULL = YES;
				CLANG_ANALYZER_NUMBER_OBJECT_CONVERSION = YES_AGGRESSIVE;
				CLANG_CXX_LANGUAGE_STANDARD = "gnu++14";
				CLANG_CXX_LIBRARY = "libc++";
				CLANG_ENABLE_MODULES = YES;
				CLANG_ENABLE_OBJC_ARC = YES;
				CLANG_ENABLE_OBJC_WEAK = YES;
				CLANG_WARN_BLOCK_CAPTURE_AUTORELEASING = YES;
				CLANG_WARN_BOOL_CONVERSION = YES;
				CLANG_WARN_COMMA = YES;
				CLANG_WARN_CONSTANT_CONVERSION = YES;
				CLANG_WARN_DEPRECATED_OBJC_IMPLEMENTATIONS = YES;
				CLANG_WARN_DIRECT_OBJC_ISA_USAGE = YES_ERROR;
				CLANG_WARN_DOCUMENTATION_COMMENTS = YES;
				CLANG_WARN_EMPTY_BODY = YES;
				CLANG_WARN_ENUM_CONVERSION = YES;
				CLANG_WARN_INFINITE_RECURSION = YES;
				CLANG_WARN_INT_CONVERSION = YES;
				CLANG_WARN_NON_LITERAL_NULL_CONVERSION = YES;
				CLANG_WARN_OBJC_IMPLICIT_RETAIN_SELF = YES;
				CLANG_WARN_OBJC_LITERAL_CONVERSION = YES;
				CLANG_WARN_OBJC_ROOT_CLASS = YES_ERROR;
				CLANG_WARN_RANGE_LOOP_ANALYSIS = YES;
				CLANG_WARN_STRICT_PROTOTYPES = YES;
				CLANG_WARN_SUSPICIOUS_MOVE = YES;
				CLANG_WARN_UNGUARDED_AVAILABILITY = YES_AGGRESSIVE;
				CLANG_WARN_UNREACHABLE_CODE = YES;
				CLANG_WARN__DUPLICATE_METHOD_MATCH = YES;
				CODE_SIGN_IDENTITY = "iPhone Developer";
				COPY_PHASE_STRIP = NO;
				DEBUG_INFORMATION_FORMAT = dwarf;
				ENABLE_STRICT_OBJC_MSGSEND = YES;
				ENABLE_TESTABILITY = YES;
				GCC_C_LANGUAGE_STANDARD = gnu11;
				GCC_DYNAMIC_NO_PIC = NO;
				GCC_NO_COMMON_BLOCKS = YES;
				GCC_OPTIMIZATION_LEVEL = 0;
				GCC_PREPROCESSOR_DEFINITIONS = (
					"DEBUG=1",
					"$(inherited)",
				);
				GCC_WARN_64_TO_32_BIT_CONVERSION = YES;
				GCC_WARN_ABOUT_RETURN_TYPE = YES_ERROR;
				GCC_WARN_UNDECLARED_SELECTOR = YES;
				GCC_WARN_UNINITIALIZED_AUTOS = YES_AGGRESSIVE;
				GCC_WARN_UNUSED_FUNCTION = YES;
				GCC_WARN_UNUSED_VARIABLE = YES;
				IPHONEOS_DEPLOYMENT_TARGET = 12.1;
				MTL_ENABLE_DEBUG_INFO = INCLUDE_SOURCE;
				MTL_FAST_MATH = YES;
				ONLY_ACTIVE_ARCH = YES;
				SDKROOT = iphoneos;
				SWIFT_ACTIVE_COMPILATION_CONDITIONS = DEBUG;
				SWIFT_OPTIMIZATION_LEVEL = "-Onone";
			};
			name = Debug;
		};
		BA691990220E964D00AB3067 /* Release */ = {
			isa = XCBuildConfiguration;
			buildSettings = {
				ALWAYS_SEARCH_USER_PATHS = NO;
				CLANG_ANALYZER_NONNULL = YES;
				CLANG_ANALYZER_NUMBER_OBJECT_CONVERSION = YES_AGGRESSIVE;
				CLANG_CXX_LANGUAGE_STANDARD = "gnu++14";
				CLANG_CXX_LIBRARY = "libc++";
				CLANG_ENABLE_MODULES = YES;
				CLANG_ENABLE_OBJC_ARC = YES;
				CLANG_ENABLE_OBJC_WEAK = YES;
				CLANG_WARN_BLOCK_CAPTURE_AUTORELEASING = YES;
				CLANG_WARN_BOOL_CONVERSION = YES;
				CLANG_WARN_COMMA = YES;
				CLANG_WARN_CONSTANT_CONVERSION = YES;
				CLANG_WARN_DEPRECATED_OBJC_IMPLEMENTATIONS = YES;
				CLANG_WARN_DIRECT_OBJC_ISA_USAGE = YES_ERROR;
				CLANG_WARN_DOCUMENTATION_COMMENTS = YES;
				CLANG_WARN_EMPTY_BODY = YES;
				CLANG_WARN_ENUM_CONVERSION = YES;
				CLANG_WARN_INFINITE_RECURSION = YES;
				CLANG_WARN_INT_CONVERSION = YES;
				CLANG_WARN_NON_LITERAL_NULL_CONVERSION = YES;
				CLANG_WARN_OBJC_IMPLICIT_RETAIN_SELF = YES;
				CLANG_WARN_OBJC_LITERAL_CONVERSION = YES;
				CLANG_WARN_OBJC_ROOT_CLASS = YES_ERROR;
				CLANG_WARN_RANGE_LOOP_ANALYSIS = YES;
				CLANG_WARN_STRICT_PROTOTYPES = YES;
				CLANG_WARN_SUSPICIOUS_MOVE = YES;
				CLANG_WARN_UNGUARDED_AVAILABILITY = YES_AGGRESSIVE;
				CLANG_WARN_UNREACHABLE_CODE = YES;
				CLANG_WARN__DUPLICATE_METHOD_MATCH = YES;
				CODE_SIGN_IDENTITY = "iPhone Developer";
				COPY_PHASE_STRIP = NO;
				DEBUG_INFORMATION_FORMAT = "dwarf-with-dsym";
				ENABLE_NS_ASSERTIONS = NO;
				ENABLE_STRICT_OBJC_MSGSEND = YES;
				GCC_C_LANGUAGE_STANDARD = gnu11;
				GCC_NO_COMMON_BLOCKS = YES;
				GCC_WARN_64_TO_32_BIT_CONVERSION = YES;
				GCC_WARN_ABOUT_RETURN_TYPE = YES_ERROR;
				GCC_WARN_UNDECLARED_SELECTOR = YES;
				GCC_WARN_UNINITIALIZED_AUTOS = YES_AGGRESSIVE;
				GCC_WARN_UNUSED_FUNCTION = YES;
				GCC_WARN_UNUSED_VARIABLE = YES;
				IPHONEOS_DEPLOYMENT_TARGET = 12.1;
				MTL_ENABLE_DEBUG_INFO = NO;
				MTL_FAST_MATH = YES;
				SDKROOT = iphoneos;
				SWIFT_COMPILATION_MODE = wholemodule;
				SWIFT_OPTIMIZATION_LEVEL = "-O";
				VALIDATE_PRODUCT = YES;
			};
			name = Release;
		};
		BA691992220E964D00AB3067 /* Debug */ = {
			isa = XCBuildConfiguration;
			buildSettings = {
				ASSETCATALOG_COMPILER_APPICON_NAME = AppIcon;
				CODE_SIGN_STYLE = Automatic;
				DEVELOPMENT_TEAM = CCCH3SQBDD;
				INFOPLIST_FILE = "Frog Songs/Info.plist";
				LD_RUNPATH_SEARCH_PATHS = (
					"$(inherited)",
					"@executable_path/Frameworks",
				);
				PRODUCT_BUNDLE_IDENTIFIER = "com.nielubowicz.Frog-Songs";
				PRODUCT_NAME = "$(TARGET_NAME)";
				SWIFT_VERSION = 4.2;
				TARGETED_DEVICE_FAMILY = "1,2";
			};
			name = Debug;
		};
		BA691993220E964D00AB3067 /* Release */ = {
			isa = XCBuildConfiguration;
			buildSettings = {
				ASSETCATALOG_COMPILER_APPICON_NAME = AppIcon;
				CODE_SIGN_STYLE = Automatic;
				DEVELOPMENT_TEAM = CCCH3SQBDD;
				INFOPLIST_FILE = "Frog Songs/Info.plist";
				LD_RUNPATH_SEARCH_PATHS = (
					"$(inherited)",
					"@executable_path/Frameworks",
				);
				PRODUCT_BUNDLE_IDENTIFIER = "com.nielubowicz.Frog-Songs";
				PRODUCT_NAME = "$(TARGET_NAME)";
				SWIFT_VERSION = 4.2;
				TARGETED_DEVICE_FAMILY = "1,2";
			};
			name = Release;
		};
/* End XCBuildConfiguration section */

/* Begin XCConfigurationList section */
		BA69197A220E964900AB3067 /* Build configuration list for PBXProject "Frog Songs" */ = {
			isa = XCConfigurationList;
			buildConfigurations = (
				BA69198F220E964D00AB3067 /* Debug */,
				BA691990220E964D00AB3067 /* Release */,
			);
			defaultConfigurationIsVisible = 0;
			defaultConfigurationName = Release;
		};
		BA691991220E964D00AB3067 /* Build configuration list for PBXNativeTarget "Frog Songs" */ = {
			isa = XCConfigurationList;
			buildConfigurations = (
				BA691992220E964D00AB3067 /* Debug */,
				BA691993220E964D00AB3067 /* Release */,
			);
			defaultConfigurationIsVisible = 0;
			defaultConfigurationName = Release;
		};
/* End XCConfigurationList section */
	};
	rootObject = BA691977220E964900AB3067 /* Project object */;
}
